github.com/regisphilibert/hugo-module-icons v0.0.0-20200905140323-ee1ee22c0d75 h1:T+bwiKKnM1CPudtUL/RgGpESVcRP+YsRJZkZd2XiP+4=
github.com/regisphilibert/hugo-module-icons v0.0.0-20200905140323-ee1ee22c0d75/go.mod h1:HwPdSPATr54ewmjkT5TgdmRgyRy2k2+vEYZbyvVojrc=
github.com/twbs/icons v1.5.0 h1:mFxEKeYHAaWdtp6mQiKct8biCqCO2G87EAhF3skpRvU=
github.com/twbs/icons v1.5.0/go.mod h1:GnRlymgVWp5iVJCMa0Me5b6tFyGpVc2bSxPMRGIJmyA=
